// !$*UTF8*$!
{
	archiveVersion = 1;
	classes = {
	};
	objectVersion = 46;
	objects = {

/* Begin PBXBuildFile section */
		17C0FC4A1F6B2519CA6A9221 /* Pods_Robonect.framework in Frameworks */ = {isa = PBXBuildFile; fileRef = F3448A7A5BB90CF8032A33E3 /* Pods_Robonect.framework */; };
		3E17545E1EE8482C009EA2F4 /* ProgressBarViews.storyboard in Resources */ = {isa = PBXBuildFile; fileRef = 3E17545D1EE8482C009EA2F4 /* ProgressBarViews.storyboard */; };
		3E1754601EE84C57009EA2F4 /* RobonectAPIResponseEngine.swift in Sources */ = {isa = PBXBuildFile; fileRef = 3E17545F1EE84C57009EA2F4 /* RobonectAPIResponseEngine.swift */; };
		3E1754631EE85436009EA2F4 /* EngineViewController.swift in Sources */ = {isa = PBXBuildFile; fileRef = 3E1754621EE85436009EA2F4 /* EngineViewController.swift */; };
		3E1754651EE856A2009EA2F4 /* SharedSettings.swift in Sources */ = {isa = PBXBuildFile; fileRef = 3E1754641EE856A2009EA2F4 /* SharedSettings.swift */; };
		3E1754671EE85915009EA2F4 /* StatusViewControllerTableViewDelegate.swift in Sources */ = {isa = PBXBuildFile; fileRef = 3E1754661EE85915009EA2F4 /* StatusViewControllerTableViewDelegate.swift */; };
		3E23A5C61EF506060011AFB3 /* NetworkingRequestDirectControl.swift in Sources */ = {isa = PBXBuildFile; fileRef = 3E23A5C51EF506060011AFB3 /* NetworkingRequestDirectControl.swift */; };
		3E413F751EE7506700D19E16 /* ErrorCode.swift in Sources */ = {isa = PBXBuildFile; fileRef = 3E413F741EE7506700D19E16 /* ErrorCode.swift */; };
		3E548D2A1EE21D53005132C6 /* AppDelegate.swift in Sources */ = {isa = PBXBuildFile; fileRef = 3E548D291EE21D53005132C6 /* AppDelegate.swift */; };
		3E548D311EE21D53005132C6 /* Main.storyboard in Resources */ = {isa = PBXBuildFile; fileRef = 3E548D2F1EE21D53005132C6 /* Main.storyboard */; };
		3E548D331EE21D53005132C6 /* Assets.xcassets in Resources */ = {isa = PBXBuildFile; fileRef = 3E548D321EE21D53005132C6 /* Assets.xcassets */; };
		3E548D361EE21D53005132C6 /* LaunchScreen.storyboard in Resources */ = {isa = PBXBuildFile; fileRef = 3E548D341EE21D53005132C6 /* LaunchScreen.storyboard */; };
		3E548D3F1EE2200E005132C6 /* RobonectAPI.swift in Sources */ = {isa = PBXBuildFile; fileRef = 3E548D3E1EE2200E005132C6 /* RobonectAPI.swift */; };
		3E548D411EE220C2005132C6 /* RobonectAPIResponse.swift in Sources */ = {isa = PBXBuildFile; fileRef = 3E548D401EE220C2005132C6 /* RobonectAPIResponse.swift */; };
		3E548D441EE220F8005132C6 /* RobonectAPIResponseStatus.swift in Sources */ = {isa = PBXBuildFile; fileRef = 3E548D431EE220F8005132C6 /* RobonectAPIResponseStatus.swift */; };
		3E548D471EE2B908005132C6 /* StatusCode.swift in Sources */ = {isa = PBXBuildFile; fileRef = 3E548D461EE2B908005132C6 /* StatusCode.swift */; };
		3E548D491EE2F260005132C6 /* ModeCode.swift in Sources */ = {isa = PBXBuildFile; fileRef = 3E548D481EE2F260005132C6 /* ModeCode.swift */; };
		3E548D4B1EE2F3C1005132C6 /* TimerStatusCode.swift in Sources */ = {isa = PBXBuildFile; fileRef = 3E548D4A1EE2F3C1005132C6 /* TimerStatusCode.swift */; };
		3E548D521EE341E2005132C6 /* NetworkingRequest.swift in Sources */ = {isa = PBXBuildFile; fileRef = 3E548D511EE341E2005132C6 /* NetworkingRequest.swift */; };
		3E548D541EE34358005132C6 /* Result.swift in Sources */ = {isa = PBXBuildFile; fileRef = 3E548D531EE34358005132C6 /* Result.swift */; };
		3E549B911EF416870023D513 /* NetworkingRequestStartStop.swift in Sources */ = {isa = PBXBuildFile; fileRef = 3E549B901EF416870023D513 /* NetworkingRequestStartStop.swift */; };
		3E549B941EF426890023D513 /* ShowMessage.swift in Sources */ = {isa = PBXBuildFile; fileRef = 3E549B931EF426890023D513 /* ShowMessage.swift */; };
		3E990C0D1EE6FC4600D6EE7C /* Lawnmower Icons.xcassets in Resources */ = {isa = PBXBuildFile; fileRef = 3E990C0C1EE6FC4600D6EE7C /* Lawnmower Icons.xcassets */; };
		3E990C131EE7087800D6EE7C /* StatusViewCell.swift in Sources */ = {isa = PBXBuildFile; fileRef = 3E990C121EE7087800D6EE7C /* StatusViewCell.swift */; };
		3E990C151EE708AD00D6EE7C /* StatusViewController.swift in Sources */ = {isa = PBXBuildFile; fileRef = 3E990C141EE708AD00D6EE7C /* StatusViewController.swift */; };
		3E990C191EE7183100D6EE7C /* Integer.swift in Sources */ = {isa = PBXBuildFile; fileRef = 3E990C181EE7183100D6EE7C /* Integer.swift */; };
		3E990C1B1EE71CE600D6EE7C /* UIColor.swift in Sources */ = {isa = PBXBuildFile; fileRef = 3E990C1A1EE71CE600D6EE7C /* UIColor.swift */; };
		3E990C1D1EE7291200D6EE7C /* StatusViewControllerTableViewDataSource.swift in Sources */ = {isa = PBXBuildFile; fileRef = 3E990C1C1EE7291200D6EE7C /* StatusViewControllerTableViewDataSource.swift */; };
		3E990C251EE72BC300D6EE7C /* RobonectUITests.swift in Sources */ = {isa = PBXBuildFile; fileRef = 3E990C241EE72BC300D6EE7C /* RobonectUITests.swift */; };
		3EDBBC431EF4675C006D68FF /* NetworkingRequestErrorHandling.swift in Sources */ = {isa = PBXBuildFile; fileRef = 3EDBBC421EF4675C006D68FF /* NetworkingRequestErrorHandling.swift */; };
		3EDBBC461EF46AFA006D68FF /* DirectControlView.swift in Sources */ = {isa = PBXBuildFile; fileRef = 3EDBBC451EF46AFA006D68FF /* DirectControlView.swift */; };
		3EE87C5A1EE404A400605321 /* Mower.swift in Sources */ = {isa = PBXBuildFile; fileRef = 3EE87C591EE404A400605321 /* Mower.swift */; };
		3EE87C5C1EE4128D00605321 /* RobonectAPIResponseName.swift in Sources */ = {isa = PBXBuildFile; fileRef = 3EE87C5B1EE4128D00605321 /* RobonectAPIResponseName.swift */; };
		3EE87C5E1EE41C1400605321 /* NetworkingRequestSetMode.swift in Sources */ = {isa = PBXBuildFile; fileRef = 3EE87C5D1EE41C1400605321 /* NetworkingRequestSetMode.swift */; };
		3EF108861EE6CE2F0037743A /* RobonectAPIResponseSuccess.swift in Sources */ = {isa = PBXBuildFile; fileRef = 3EF108851EE6CE2F0037743A /* RobonectAPIResponseSuccess.swift */; };
/* End PBXBuildFile section */

/* Begin PBXContainerItemProxy section */
		3E990C271EE72BC300D6EE7C /* PBXContainerItemProxy */ = {
			isa = PBXContainerItemProxy;
			containerPortal = 3E548D1E1EE21D53005132C6 /* Project object */;
			proxyType = 1;
			remoteGlobalIDString = 3E548D251EE21D53005132C6;
			remoteInfo = Robonect;
		};
/* End PBXContainerItemProxy section */

/* Begin PBXFileReference section */
		22AFEA25E99B94638B83A140 /* Pods-Robonect.debug.xcconfig */ = {isa = PBXFileReference; includeInIndex = 1; lastKnownFileType = text.xcconfig; name = "Pods-Robonect.debug.xcconfig"; path = "Pods/Target Support Files/Pods-Robonect/Pods-Robonect.debug.xcconfig"; sourceTree = "<group>"; };
		3E17545D1EE8482C009EA2F4 /* ProgressBarViews.storyboard */ = {isa = PBXFileReference; fileEncoding = 4; lastKnownFileType = file.storyboard; name = ProgressBarViews.storyboard; path = Views/Storyboards/ProgressBarViews.storyboard; sourceTree = "<group>"; };
		3E17545F1EE84C57009EA2F4 /* RobonectAPIResponseEngine.swift */ = {isa = PBXFileReference; fileEncoding = 4; lastKnownFileType = sourcecode.swift; name = RobonectAPIResponseEngine.swift; path = RobonectAPI/Responses/RobonectAPIResponseEngine.swift; sourceTree = SOURCE_ROOT; };
		3E1754621EE85436009EA2F4 /* EngineViewController.swift */ = {isa = PBXFileReference; fileEncoding = 4; lastKnownFileType = sourcecode.swift; name = EngineViewController.swift; path = Views/Engines/EngineViewController.swift; sourceTree = "<group>"; };
		3E1754641EE856A2009EA2F4 /* SharedSettings.swift */ = {isa = PBXFileReference; fileEncoding = 4; lastKnownFileType = sourcecode.swift; path = SharedSettings.swift; sourceTree = "<group>"; };
		3E1754661EE85915009EA2F4 /* StatusViewControllerTableViewDelegate.swift */ = {isa = PBXFileReference; fileEncoding = 4; lastKnownFileType = sourcecode.swift; name = StatusViewControllerTableViewDelegate.swift; path = Views/Status/StatusViewControllerTableViewDelegate.swift; sourceTree = "<group>"; };
		3E23A5C51EF506060011AFB3 /* NetworkingRequestDirectControl.swift */ = {isa = PBXFileReference; fileEncoding = 4; lastKnownFileType = sourcecode.swift; name = NetworkingRequestDirectControl.swift; path = RobonectAPI/Networking/NetworkingRequestDirectControl.swift; sourceTree = SOURCE_ROOT; };
		3E413F741EE7506700D19E16 /* ErrorCode.swift */ = {isa = PBXFileReference; fileEncoding = 4; lastKnownFileType = sourcecode.swift; name = ErrorCode.swift; path = RobonectAPI/Enumerations/ErrorCode.swift; sourceTree = SOURCE_ROOT; };
		3E548D261EE21D53005132C6 /* Robonect.app */ = {isa = PBXFileReference; explicitFileType = wrapper.application; includeInIndex = 0; path = Robonect.app; sourceTree = BUILT_PRODUCTS_DIR; };
		3E548D291EE21D53005132C6 /* AppDelegate.swift */ = {isa = PBXFileReference; lastKnownFileType = sourcecode.swift; path = AppDelegate.swift; sourceTree = "<group>"; };
		3E548D301EE21D53005132C6 /* Base */ = {isa = PBXFileReference; lastKnownFileType = file.storyboard; name = Base; path = Base.lproj/Main.storyboard; sourceTree = "<group>"; };
		3E548D321EE21D53005132C6 /* Assets.xcassets */ = {isa = PBXFileReference; lastKnownFileType = folder.assetcatalog; path = Assets.xcassets; sourceTree = "<group>"; };
		3E548D351EE21D53005132C6 /* Base */ = {isa = PBXFileReference; lastKnownFileType = file.storyboard; name = Base; path = Base.lproj/LaunchScreen.storyboard; sourceTree = "<group>"; };
		3E548D371EE21D53005132C6 /* Info.plist */ = {isa = PBXFileReference; lastKnownFileType = text.plist.xml; path = Info.plist; sourceTree = "<group>"; };
		3E548D3E1EE2200E005132C6 /* RobonectAPI.swift */ = {isa = PBXFileReference; fileEncoding = 4; lastKnownFileType = sourcecode.swift; name = RobonectAPI.swift; path = RobonectAPI/RobonectAPI.swift; sourceTree = SOURCE_ROOT; };
		3E548D401EE220C2005132C6 /* RobonectAPIResponse.swift */ = {isa = PBXFileReference; fileEncoding = 4; lastKnownFileType = sourcecode.swift; name = RobonectAPIResponse.swift; path = RobonectAPI/RobonectAPIResponse.swift; sourceTree = SOURCE_ROOT; };
		3E548D431EE220F8005132C6 /* RobonectAPIResponseStatus.swift */ = {isa = PBXFileReference; fileEncoding = 4; lastKnownFileType = sourcecode.swift; name = RobonectAPIResponseStatus.swift; path = RobonectAPI/Responses/RobonectAPIResponseStatus.swift; sourceTree = SOURCE_ROOT; };
		3E548D461EE2B908005132C6 /* StatusCode.swift */ = {isa = PBXFileReference; fileEncoding = 4; lastKnownFileType = sourcecode.swift; name = StatusCode.swift; path = RobonectAPI/Enumerations/StatusCode.swift; sourceTree = SOURCE_ROOT; };
		3E548D481EE2F260005132C6 /* ModeCode.swift */ = {isa = PBXFileReference; fileEncoding = 4; lastKnownFileType = sourcecode.swift; name = ModeCode.swift; path = RobonectAPI/Enumerations/ModeCode.swift; sourceTree = SOURCE_ROOT; };
		3E548D4A1EE2F3C1005132C6 /* TimerStatusCode.swift */ = {isa = PBXFileReference; fileEncoding = 4; lastKnownFileType = sourcecode.swift; name = TimerStatusCode.swift; path = RobonectAPI/Enumerations/TimerStatusCode.swift; sourceTree = SOURCE_ROOT; };
		3E548D511EE341E2005132C6 /* NetworkingRequest.swift */ = {isa = PBXFileReference; fileEncoding = 4; lastKnownFileType = sourcecode.swift; name = NetworkingRequest.swift; path = RobonectAPI/Networking/NetworkingRequest.swift; sourceTree = SOURCE_ROOT; };
		3E548D531EE34358005132C6 /* Result.swift */ = {isa = PBXFileReference; fileEncoding = 4; lastKnownFileType = sourcecode.swift; name = Result.swift; path = RobonectAPI/Networking/Result.swift; sourceTree = SOURCE_ROOT; };
		3E549B901EF416870023D513 /* NetworkingRequestStartStop.swift */ = {isa = PBXFileReference; fileEncoding = 4; lastKnownFileType = sourcecode.swift; name = NetworkingRequestStartStop.swift; path = RobonectAPI/Networking/NetworkingRequestStartStop.swift; sourceTree = SOURCE_ROOT; };
		3E549B931EF426890023D513 /* ShowMessage.swift */ = {isa = PBXFileReference; fileEncoding = 4; lastKnownFileType = sourcecode.swift; name = ShowMessage.swift; path = Views/Notifications/ShowMessage.swift; sourceTree = "<group>"; };
		3E990C0C1EE6FC4600D6EE7C /* Lawnmower Icons.xcassets */ = {isa = PBXFileReference; lastKnownFileType = folder.assetcatalog; name = "Lawnmower Icons.xcassets"; path = "Graphics/Lawnmower Icons.xcassets"; sourceTree = "<group>"; };
		3E990C121EE7087800D6EE7C /* StatusViewCell.swift */ = {isa = PBXFileReference; fileEncoding = 4; lastKnownFileType = sourcecode.swift; name = StatusViewCell.swift; path = Views/Status/StatusViewCell.swift; sourceTree = "<group>"; };
		3E990C141EE708AD00D6EE7C /* StatusViewController.swift */ = {isa = PBXFileReference; fileEncoding = 4; lastKnownFileType = sourcecode.swift; name = StatusViewController.swift; path = Views/Status/StatusViewController.swift; sourceTree = "<group>"; };
		3E990C181EE7183100D6EE7C /* Integer.swift */ = {isa = PBXFileReference; fileEncoding = 4; lastKnownFileType = sourcecode.swift; name = Integer.swift; path = Extensions/Integer.swift; sourceTree = "<group>"; };
		3E990C1A1EE71CE600D6EE7C /* UIColor.swift */ = {isa = PBXFileReference; fileEncoding = 4; lastKnownFileType = sourcecode.swift; name = UIColor.swift; path = Extensions/UIColor.swift; sourceTree = "<group>"; };
		3E990C1C1EE7291200D6EE7C /* StatusViewControllerTableViewDataSource.swift */ = {isa = PBXFileReference; fileEncoding = 4; lastKnownFileType = sourcecode.swift; name = StatusViewControllerTableViewDataSource.swift; path = Views/Status/StatusViewControllerTableViewDataSource.swift; sourceTree = "<group>"; };
		3E990C221EE72BC300D6EE7C /* RobonectUITests.xctest */ = {isa = PBXFileReference; explicitFileType = wrapper.cfbundle; includeInIndex = 0; path = RobonectUITests.xctest; sourceTree = BUILT_PRODUCTS_DIR; };
		3E990C241EE72BC300D6EE7C /* RobonectUITests.swift */ = {isa = PBXFileReference; lastKnownFileType = sourcecode.swift; path = RobonectUITests.swift; sourceTree = "<group>"; };
		3E990C261EE72BC300D6EE7C /* Info.plist */ = {isa = PBXFileReference; lastKnownFileType = text.plist.xml; path = Info.plist; sourceTree = "<group>"; };
		3EDBBC421EF4675C006D68FF /* NetworkingRequestErrorHandling.swift */ = {isa = PBXFileReference; fileEncoding = 4; lastKnownFileType = sourcecode.swift; name = NetworkingRequestErrorHandling.swift; path = RobonectAPI/Networking/NetworkingRequestErrorHandling.swift; sourceTree = SOURCE_ROOT; };
		3EDBBC451EF46AFA006D68FF /* DirectControlView.swift */ = {isa = PBXFileReference; fileEncoding = 4; lastKnownFileType = sourcecode.swift; name = DirectControlView.swift; path = "Views/Direct Control/DirectControlView.swift"; sourceTree = "<group>"; };
		3EDBBC471EF4736D006D68FF /* CoreMotion.framework */ = {isa = PBXFileReference; lastKnownFileType = wrapper.framework; name = CoreMotion.framework; path = System/Library/Frameworks/CoreMotion.framework; sourceTree = SDKROOT; };
		3EE87C591EE404A400605321 /* Mower.swift */ = {isa = PBXFileReference; fileEncoding = 4; lastKnownFileType = sourcecode.swift; name = Mower.swift; path = RobonectAPI/Networking/Mower.swift; sourceTree = SOURCE_ROOT; };
		3EE87C5B1EE4128D00605321 /* RobonectAPIResponseName.swift */ = {isa = PBXFileReference; fileEncoding = 4; lastKnownFileType = sourcecode.swift; name = RobonectAPIResponseName.swift; path = RobonectAPI/Responses/RobonectAPIResponseName.swift; sourceTree = SOURCE_ROOT; };
		3EE87C5D1EE41C1400605321 /* NetworkingRequestSetMode.swift */ = {isa = PBXFileReference; fileEncoding = 4; lastKnownFileType = sourcecode.swift; name = NetworkingRequestSetMode.swift; path = RobonectAPI/Networking/NetworkingRequestSetMode.swift; sourceTree = SOURCE_ROOT; };
		3EF108851EE6CE2F0037743A /* RobonectAPIResponseSuccess.swift */ = {isa = PBXFileReference; fileEncoding = 4; lastKnownFileType = sourcecode.swift; name = RobonectAPIResponseSuccess.swift; path = RobonectAPI/Responses/RobonectAPIResponseSuccess.swift; sourceTree = SOURCE_ROOT; };
		4CAEAFD45D681B96E3605343 /* Pods-Robonect.release.xcconfig */ = {isa = PBXFileReference; includeInIndex = 1; lastKnownFileType = text.xcconfig; name = "Pods-Robonect.release.xcconfig"; path = "Pods/Target Support Files/Pods-Robonect/Pods-Robonect.release.xcconfig"; sourceTree = "<group>"; };
		F3448A7A5BB90CF8032A33E3 /* Pods_Robonect.framework */ = {isa = PBXFileReference; explicitFileType = wrapper.framework; includeInIndex = 0; path = Pods_Robonect.framework; sourceTree = BUILT_PRODUCTS_DIR; };
/* End PBXFileReference section */

/* Begin PBXFrameworksBuildPhase section */
		3E548D231EE21D53005132C6 /* Frameworks */ = {
			isa = PBXFrameworksBuildPhase;
			buildActionMask = 2147483647;
			files = (
				17C0FC4A1F6B2519CA6A9221 /* Pods_Robonect.framework in Frameworks */,
			);
			runOnlyForDeploymentPostprocessing = 0;
		};
		3E990C1F1EE72BC300D6EE7C /* Frameworks */ = {
			isa = PBXFrameworksBuildPhase;
			buildActionMask = 2147483647;
			files = (
			);
			runOnlyForDeploymentPostprocessing = 0;
		};
/* End PBXFrameworksBuildPhase section */

/* Begin PBXGroup section */
		3E17545C1EE847CF009EA2F4 /* Storyboards */ = {
			isa = PBXGroup;
			children = (
				3E548D2F1EE21D53005132C6 /* Main.storyboard */,
				3E17545D1EE8482C009EA2F4 /* ProgressBarViews.storyboard */,
			);
			name = Storyboards;
			sourceTree = "<group>";
		};
		3E1754611EE853CB009EA2F4 /* Engine Details */ = {
			isa = PBXGroup;
			children = (
				3E1754621EE85436009EA2F4 /* EngineViewController.swift */,
			);
			name = "Engine Details";
			sourceTree = "<group>";
		};
		3E548D1D1EE21D53005132C6 = {
			isa = PBXGroup;
			children = (
				3E548D281EE21D53005132C6 /* Robonect */,
				3E990C231EE72BC300D6EE7C /* RobonectUITests */,
				3E548D271EE21D53005132C6 /* Products */,
				9BE88A8F6898386F3837297B /* Pods */,
				B9E61936295163104354061C /* Frameworks */,
			);
			sourceTree = "<group>";
		};
		3E548D271EE21D53005132C6 /* Products */ = {
			isa = PBXGroup;
			children = (
				3E548D261EE21D53005132C6 /* Robonect.app */,
				3E990C221EE72BC300D6EE7C /* RobonectUITests.xctest */,
			);
			name = Products;
			sourceTree = "<group>";
		};
		3E548D281EE21D53005132C6 /* Robonect */ = {
			isa = PBXGroup;
			children = (
				3E990C171EE7181400D6EE7C /* Extensions */,
				3E548D3D1EE21FE0005132C6 /* API */,
				3E990C0B1EE6FBF800D6EE7C /* Graphics */,
				3E990C101EE7084D00D6EE7C /* Views */,
				3E548D291EE21D53005132C6 /* AppDelegate.swift */,
				3E548D321EE21D53005132C6 /* Assets.xcassets */,
				3E548D341EE21D53005132C6 /* LaunchScreen.storyboard */,
				3E548D371EE21D53005132C6 /* Info.plist */,
				3E1754641EE856A2009EA2F4 /* SharedSettings.swift */,
			);
			path = Robonect;
			sourceTree = "<group>";
		};
		3E548D3D1EE21FE0005132C6 /* API */ = {
			isa = PBXGroup;
			children = (
				3E548D4C1EE2FC21005132C6 /* Networking */,
				3E548D451EE2B89F005132C6 /* Enumerations */,
				3E548D421EE220D2005132C6 /* Responses */,
				3E548D3E1EE2200E005132C6 /* RobonectAPI.swift */,
			);
			name = API;
			sourceTree = "<group>";
		};
		3E548D421EE220D2005132C6 /* Responses */ = {
			isa = PBXGroup;
			children = (
				3E548D401EE220C2005132C6 /* RobonectAPIResponse.swift */,
				3E548D431EE220F8005132C6 /* RobonectAPIResponseStatus.swift */,
				3EE87C5B1EE4128D00605321 /* RobonectAPIResponseName.swift */,
				3EF108851EE6CE2F0037743A /* RobonectAPIResponseSuccess.swift */,
				3E17545F1EE84C57009EA2F4 /* RobonectAPIResponseEngine.swift */,
			);
			name = Responses;
			sourceTree = "<group>";
		};
		3E548D451EE2B89F005132C6 /* Enumerations */ = {
			isa = PBXGroup;
			children = (
				3E548D461EE2B908005132C6 /* StatusCode.swift */,
				3E548D481EE2F260005132C6 /* ModeCode.swift */,
				3E548D4A1EE2F3C1005132C6 /* TimerStatusCode.swift */,
				3E413F741EE7506700D19E16 /* ErrorCode.swift */,
			);
			name = Enumerations;
			sourceTree = "<group>";
		};
		3E548D4C1EE2FC21005132C6 /* Networking */ = {
			isa = PBXGroup;
			children = (
				3E548D511EE341E2005132C6 /* NetworkingRequest.swift */,
				3E548D531EE34358005132C6 /* Result.swift */,
				3EE87C591EE404A400605321 /* Mower.swift */,
				3EE87C5D1EE41C1400605321 /* NetworkingRequestSetMode.swift */,
				3E549B901EF416870023D513 /* NetworkingRequestStartStop.swift */,
				3EDBBC421EF4675C006D68FF /* NetworkingRequestErrorHandling.swift */,
				3E23A5C51EF506060011AFB3 /* NetworkingRequestDirectControl.swift */,
			);
			name = Networking;
			sourceTree = "<group>";
		};
		3E549B921EF426740023D513 /* Notifications */ = {
			isa = PBXGroup;
			children = (
				3E549B931EF426890023D513 /* ShowMessage.swift */,
			);
			name = Notifications;
			sourceTree = "<group>";
		};
		3E990C0B1EE6FBF800D6EE7C /* Graphics */ = {
			isa = PBXGroup;
			children = (
				3E990C0C1EE6FC4600D6EE7C /* Lawnmower Icons.xcassets */,
			);
			name = Graphics;
			sourceTree = "<group>";
		};
		3E990C101EE7084D00D6EE7C /* Views */ = {
			isa = PBXGroup;
			children = (
				3EDBBC441EF46ADF006D68FF /* Direct Control */,
				3E549B921EF426740023D513 /* Notifications */,
				3E1754611EE853CB009EA2F4 /* Engine Details */,
				3E17545C1EE847CF009EA2F4 /* Storyboards */,
				3E990C111EE7085C00D6EE7C /* Status */,
			);
			name = Views;
			sourceTree = "<group>";
		};
		3E990C111EE7085C00D6EE7C /* Status */ = {
			isa = PBXGroup;
			children = (
				3E990C121EE7087800D6EE7C /* StatusViewCell.swift */,
				3E990C141EE708AD00D6EE7C /* StatusViewController.swift */,
				3E990C1C1EE7291200D6EE7C /* StatusViewControllerTableViewDataSource.swift */,
				3E1754661EE85915009EA2F4 /* StatusViewControllerTableViewDelegate.swift */,
			);
			name = Status;
			sourceTree = "<group>";
		};
		3E990C171EE7181400D6EE7C /* Extensions */ = {
			isa = PBXGroup;
			children = (
				3E990C181EE7183100D6EE7C /* Integer.swift */,
				3E990C1A1EE71CE600D6EE7C /* UIColor.swift */,
			);
			name = Extensions;
			sourceTree = "<group>";
		};
		3E990C231EE72BC300D6EE7C /* RobonectUITests */ = {
			isa = PBXGroup;
			children = (
				3E990C241EE72BC300D6EE7C /* RobonectUITests.swift */,
				3E990C261EE72BC300D6EE7C /* Info.plist */,
			);
			path = RobonectUITests;
			sourceTree = "<group>";
		};
		3EDBBC441EF46ADF006D68FF /* Direct Control */ = {
			isa = PBXGroup;
			children = (
				3EDBBC451EF46AFA006D68FF /* DirectControlView.swift */,
			);
			name = "Direct Control";
			sourceTree = "<group>";
		};
		9BE88A8F6898386F3837297B /* Pods */ = {
			isa = PBXGroup;
			children = (
				22AFEA25E99B94638B83A140 /* Pods-Robonect.debug.xcconfig */,
				4CAEAFD45D681B96E3605343 /* Pods-Robonect.release.xcconfig */,
			);
			name = Pods;
			sourceTree = "<group>";
		};
		B9E61936295163104354061C /* Frameworks */ = {
			isa = PBXGroup;
			children = (
				3EDBBC471EF4736D006D68FF /* CoreMotion.framework */,
				F3448A7A5BB90CF8032A33E3 /* Pods_Robonect.framework */,
			);
			name = Frameworks;
			sourceTree = "<group>";
		};
/* End PBXGroup section */

/* Begin PBXNativeTarget section */
		3E548D251EE21D53005132C6 /* Robonect */ = {
			isa = PBXNativeTarget;
			buildConfigurationList = 3E548D3A1EE21D53005132C6 /* Build configuration list for PBXNativeTarget "Robonect" */;
			buildPhases = (
				67D95BABB304A91FB38A86E5 /* [CP] Check Pods Manifest.lock */,
				3E548D221EE21D53005132C6 /* Sources */,
				3E548D231EE21D53005132C6 /* Frameworks */,
				3E548D241EE21D53005132C6 /* Resources */,
				4166D1252CDC775909273E76 /* [CP] Embed Pods Frameworks */,
				DE76EE9629B4D99BD00FF890 /* [CP] Copy Pods Resources */,
			);
			buildRules = (
			);
			dependencies = (
			);
			name = Robonect;
			productName = Robonect;
			productReference = 3E548D261EE21D53005132C6 /* Robonect.app */;
			productType = "com.apple.product-type.application";
		};
		3E990C211EE72BC300D6EE7C /* RobonectUITests */ = {
			isa = PBXNativeTarget;
			buildConfigurationList = 3E990C291EE72BC300D6EE7C /* Build configuration list for PBXNativeTarget "RobonectUITests" */;
			buildPhases = (
				3E990C1E1EE72BC300D6EE7C /* Sources */,
				3E990C1F1EE72BC300D6EE7C /* Frameworks */,
				3E990C201EE72BC300D6EE7C /* Resources */,
			);
			buildRules = (
			);
			dependencies = (
				3E990C281EE72BC300D6EE7C /* PBXTargetDependency */,
			);
			name = RobonectUITests;
			productName = RobonectUITests;
			productReference = 3E990C221EE72BC300D6EE7C /* RobonectUITests.xctest */;
			productType = "com.apple.product-type.bundle.ui-testing";
		};
/* End PBXNativeTarget section */

/* Begin PBXProject section */
		3E548D1E1EE21D53005132C6 /* Project object */ = {
			isa = PBXProject;
			attributes = {
				LastSwiftUpdateCheck = 0830;
				LastUpgradeCheck = 0830;
				ORGANIZATIONNAME = "Yannik Ehlert";
				TargetAttributes = {
					3E548D251EE21D53005132C6 = {
						CreatedOnToolsVersion = 8.3.2;
						DevelopmentTeam = RZ6J6Q7T5S;
						ProvisioningStyle = Automatic;
					};
					3E990C211EE72BC300D6EE7C = {
						CreatedOnToolsVersion = 8.3.3;
						DevelopmentTeam = RZ6J6Q7T5S;
						ProvisioningStyle = Automatic;
						TestTargetID = 3E548D251EE21D53005132C6;
					};
				};
			};
			buildConfigurationList = 3E548D211EE21D53005132C6 /* Build configuration list for PBXProject "Robonect" */;
			compatibilityVersion = "Xcode 3.2";
			developmentRegion = English;
			hasScannedForEncodings = 0;
			knownRegions = (
				en,
				Base,
			);
			mainGroup = 3E548D1D1EE21D53005132C6;
			productRefGroup = 3E548D271EE21D53005132C6 /* Products */;
			projectDirPath = "";
			projectRoot = "";
			targets = (
				3E548D251EE21D53005132C6 /* Robonect */,
				3E990C211EE72BC300D6EE7C /* RobonectUITests */,
			);
		};
/* End PBXProject section */

/* Begin PBXResourcesBuildPhase section */
		3E548D241EE21D53005132C6 /* Resources */ = {
			isa = PBXResourcesBuildPhase;
			buildActionMask = 2147483647;
			files = (
				3E548D361EE21D53005132C6 /* LaunchScreen.storyboard in Resources */,
				3E17545E1EE8482C009EA2F4 /* ProgressBarViews.storyboard in Resources */,
				3E548D331EE21D53005132C6 /* Assets.xcassets in Resources */,
				3E990C0D1EE6FC4600D6EE7C /* Lawnmower Icons.xcassets in Resources */,
				3E548D311EE21D53005132C6 /* Main.storyboard in Resources */,
			);
			runOnlyForDeploymentPostprocessing = 0;
		};
		3E990C201EE72BC300D6EE7C /* Resources */ = {
			isa = PBXResourcesBuildPhase;
			buildActionMask = 2147483647;
			files = (
			);
			runOnlyForDeploymentPostprocessing = 0;
		};
/* End PBXResourcesBuildPhase section */

/* Begin PBXShellScriptBuildPhase section */
		4166D1252CDC775909273E76 /* [CP] Embed Pods Frameworks */ = {
			isa = PBXShellScriptBuildPhase;
			buildActionMask = 2147483647;
			files = (
			);
			inputPaths = (
			);
			name = "[CP] Embed Pods Frameworks";
			outputPaths = (
			);
			runOnlyForDeploymentPostprocessing = 0;
			shellPath = /bin/sh;
			shellScript = "\"${SRCROOT}/Pods/Target Support Files/Pods-Robonect/Pods-Robonect-frameworks.sh\"\n";
			showEnvVarsInLog = 0;
		};
		67D95BABB304A91FB38A86E5 /* [CP] Check Pods Manifest.lock */ = {
			isa = PBXShellScriptBuildPhase;
			buildActionMask = 2147483647;
			files = (
			);
			inputPaths = (
			);
			name = "[CP] Check Pods Manifest.lock";
			outputPaths = (
			);
			runOnlyForDeploymentPostprocessing = 0;
			shellPath = /bin/sh;
			shellScript = "diff \"${PODS_ROOT}/../Podfile.lock\" \"${PODS_ROOT}/Manifest.lock\" > /dev/null\nif [ $? != 0 ] ; then\n    # print error to STDERR\n    echo \"error: The sandbox is not in sync with the Podfile.lock. Run 'pod install' or update your CocoaPods installation.\" >&2\n    exit 1\nfi\n";
			showEnvVarsInLog = 0;
		};
		DE76EE9629B4D99BD00FF890 /* [CP] Copy Pods Resources */ = {
			isa = PBXShellScriptBuildPhase;
			buildActionMask = 2147483647;
			files = (
			);
			inputPaths = (
			);
			name = "[CP] Copy Pods Resources";
			outputPaths = (
			);
			runOnlyForDeploymentPostprocessing = 0;
			shellPath = /bin/sh;
			shellScript = "\"${SRCROOT}/Pods/Target Support Files/Pods-Robonect/Pods-Robonect-resources.sh\"\n";
			showEnvVarsInLog = 0;
		};
/* End PBXShellScriptBuildPhase section */

/* Begin PBXSourcesBuildPhase section */
		3E548D221EE21D53005132C6 /* Sources */ = {
			isa = PBXSourcesBuildPhase;
			buildActionMask = 2147483647;
			files = (
				3E549B911EF416870023D513 /* NetworkingRequestStartStop.swift in Sources */,
				3EE87C5A1EE404A400605321 /* Mower.swift in Sources */,
				3E990C1D1EE7291200D6EE7C /* StatusViewControllerTableViewDataSource.swift in Sources */,
				3E548D4B1EE2F3C1005132C6 /* TimerStatusCode.swift in Sources */,
				3E23A5C61EF506060011AFB3 /* NetworkingRequestDirectControl.swift in Sources */,
				3E413F751EE7506700D19E16 /* ErrorCode.swift in Sources */,
				3E548D471EE2B908005132C6 /* StatusCode.swift in Sources */,
				3E1754651EE856A2009EA2F4 /* SharedSettings.swift in Sources */,
				3E1754631EE85436009EA2F4 /* EngineViewController.swift in Sources */,
				3E1754601EE84C57009EA2F4 /* RobonectAPIResponseEngine.swift in Sources */,
				3E548D491EE2F260005132C6 /* ModeCode.swift in Sources */,
				3E548D2A1EE21D53005132C6 /* AppDelegate.swift in Sources */,
				3E548D3F1EE2200E005132C6 /* RobonectAPI.swift in Sources */,
				3E990C1B1EE71CE600D6EE7C /* UIColor.swift in Sources */,
				3E990C191EE7183100D6EE7C /* Integer.swift in Sources */,
				3EE87C5E1EE41C1400605321 /* NetworkingRequestSetMode.swift in Sources */,
				3E548D441EE220F8005132C6 /* RobonectAPIResponseStatus.swift in Sources */,
				3E990C151EE708AD00D6EE7C /* StatusViewController.swift in Sources */,
				3E549B941EF426890023D513 /* ShowMessage.swift in Sources */,
				3E1754671EE85915009EA2F4 /* StatusViewControllerTableViewDelegate.swift in Sources */,
				3E548D521EE341E2005132C6 /* NetworkingRequest.swift in Sources */,
				3E548D411EE220C2005132C6 /* RobonectAPIResponse.swift in Sources */,
				3EF108861EE6CE2F0037743A /* RobonectAPIResponseSuccess.swift in Sources */,
				3EE87C5C1EE4128D00605321 /* RobonectAPIResponseName.swift in Sources */,
				3EDBBC431EF4675C006D68FF /* NetworkingRequestErrorHandling.swift in Sources */,
				3E990C131EE7087800D6EE7C /* StatusViewCell.swift in Sources */,
				3E548D541EE34358005132C6 /* Result.swift in Sources */,
				3EDBBC461EF46AFA006D68FF /* DirectControlView.swift in Sources */,
			);
			runOnlyForDeploymentPostprocessing = 0;
		};
		3E990C1E1EE72BC300D6EE7C /* Sources */ = {
			isa = PBXSourcesBuildPhase;
			buildActionMask = 2147483647;
			files = (
				3E990C251EE72BC300D6EE7C /* RobonectUITests.swift in Sources */,
			);
			runOnlyForDeploymentPostprocessing = 0;
		};
/* End PBXSourcesBuildPhase section */

/* Begin PBXTargetDependency section */
		3E990C281EE72BC300D6EE7C /* PBXTargetDependency */ = {
			isa = PBXTargetDependency;
			target = 3E548D251EE21D53005132C6 /* Robonect */;
			targetProxy = 3E990C271EE72BC300D6EE7C /* PBXContainerItemProxy */;
		};
/* End PBXTargetDependency section */

/* Begin PBXVariantGroup section */
		3E548D2F1EE21D53005132C6 /* Main.storyboard */ = {
			isa = PBXVariantGroup;
			children = (
				3E548D301EE21D53005132C6 /* Base */,
			);
			name = Main.storyboard;
			sourceTree = "<group>";
		};
		3E548D341EE21D53005132C6 /* LaunchScreen.storyboard */ = {
			isa = PBXVariantGroup;
			children = (
				3E548D351EE21D53005132C6 /* Base */,
			);
			name = LaunchScreen.storyboard;
			sourceTree = "<group>";
		};
/* End PBXVariantGroup section */

/* Begin XCBuildConfiguration section */
		3E548D381EE21D53005132C6 /* Debug */ = {
			isa = XCBuildConfiguration;
			buildSettings = {
				ALWAYS_SEARCH_USER_PATHS = NO;
				CLANG_ANALYZER_NONNULL = YES;
				CLANG_ANALYZER_NUMBER_OBJECT_CONVERSION = YES_AGGRESSIVE;
				CLANG_CXX_LANGUAGE_STANDARD = "gnu++0x";
				CLANG_CXX_LIBRARY = "libc++";
				CLANG_ENABLE_MODULES = YES;
				CLANG_ENABLE_OBJC_ARC = YES;
				CLANG_WARN_BOOL_CONVERSION = YES;
				CLANG_WARN_CONSTANT_CONVERSION = YES;
				CLANG_WARN_DIRECT_OBJC_ISA_USAGE = YES_ERROR;
				CLANG_WARN_DOCUMENTATION_COMMENTS = YES;
				CLANG_WARN_EMPTY_BODY = YES;
				CLANG_WARN_ENUM_CONVERSION = YES;
				CLANG_WARN_INFINITE_RECURSION = YES;
				CLANG_WARN_INT_CONVERSION = YES;
				CLANG_WARN_OBJC_ROOT_CLASS = YES_ERROR;
				CLANG_WARN_SUSPICIOUS_MOVE = YES;
				CLANG_WARN_UNREACHABLE_CODE = YES;
				CLANG_WARN__DUPLICATE_METHOD_MATCH = YES;
				"CODE_SIGN_IDENTITY[sdk=iphoneos*]" = "iPhone Developer";
				COPY_PHASE_STRIP = NO;
				DEBUG_INFORMATION_FORMAT = dwarf;
				ENABLE_STRICT_OBJC_MSGSEND = YES;
				ENABLE_TESTABILITY = YES;
				GCC_C_LANGUAGE_STANDARD = gnu99;
				GCC_DYNAMIC_NO_PIC = NO;
				GCC_NO_COMMON_BLOCKS = YES;
				GCC_OPTIMIZATION_LEVEL = 0;
				GCC_PREPROCESSOR_DEFINITIONS = (
					"DEBUG=1",
					"$(inherited)",
				);
				GCC_WARN_64_TO_32_BIT_CONVERSION = YES;
				GCC_WARN_ABOUT_RETURN_TYPE = YES_ERROR;
				GCC_WARN_UNDECLARED_SELECTOR = YES;
				GCC_WARN_UNINITIALIZED_AUTOS = YES_AGGRESSIVE;
				GCC_WARN_UNUSED_FUNCTION = YES;
				GCC_WARN_UNUSED_VARIABLE = YES;
				IPHONEOS_DEPLOYMENT_TARGET = 10.3;
				MTL_ENABLE_DEBUG_INFO = YES;
				ONLY_ACTIVE_ARCH = YES;
				SDKROOT = iphoneos;
				SWIFT_ACTIVE_COMPILATION_CONDITIONS = DEBUG;
				SWIFT_OPTIMIZATION_LEVEL = "-Onone";
				TARGETED_DEVICE_FAMILY = "1,2";
			};
			name = Debug;
		};
		3E548D391EE21D53005132C6 /* Release */ = {
			isa = XCBuildConfiguration;
			buildSettings = {
				ALWAYS_SEARCH_USER_PATHS = NO;
				CLANG_ANALYZER_NONNULL = YES;
				CLANG_ANALYZER_NUMBER_OBJECT_CONVERSION = YES_AGGRESSIVE;
				CLANG_CXX_LANGUAGE_STANDARD = "gnu++0x";
				CLANG_CXX_LIBRARY = "libc++";
				CLANG_ENABLE_MODULES = YES;
				CLANG_ENABLE_OBJC_ARC = YES;
				CLANG_WARN_BOOL_CONVERSION = YES;
				CLANG_WARN_CONSTANT_CONVERSION = YES;
				CLANG_WARN_DIRECT_OBJC_ISA_USAGE = YES_ERROR;
				CLANG_WARN_DOCUMENTATION_COMMENTS = YES;
				CLANG_WARN_EMPTY_BODY = YES;
				CLANG_WARN_ENUM_CONVERSION = YES;
				CLANG_WARN_INFINITE_RECURSION = YES;
				CLANG_WARN_INT_CONVERSION = YES;
				CLANG_WARN_OBJC_ROOT_CLASS = YES_ERROR;
				CLANG_WARN_SUSPICIOUS_MOVE = YES;
				CLANG_WARN_UNREACHABLE_CODE = YES;
				CLANG_WARN__DUPLICATE_METHOD_MATCH = YES;
				"CODE_SIGN_IDENTITY[sdk=iphoneos*]" = "iPhone Developer";
				COPY_PHASE_STRIP = NO;
				DEBUG_INFORMATION_FORMAT = "dwarf-with-dsym";
				ENABLE_NS_ASSERTIONS = NO;
				ENABLE_STRICT_OBJC_MSGSEND = YES;
				GCC_C_LANGUAGE_STANDARD = gnu99;
				GCC_NO_COMMON_BLOCKS = YES;
				GCC_WARN_64_TO_32_BIT_CONVERSION = YES;
				GCC_WARN_ABOUT_RETURN_TYPE = YES_ERROR;
				GCC_WARN_UNDECLARED_SELECTOR = YES;
				GCC_WARN_UNINITIALIZED_AUTOS = YES_AGGRESSIVE;
				GCC_WARN_UNUSED_FUNCTION = YES;
				GCC_WARN_UNUSED_VARIABLE = YES;
				IPHONEOS_DEPLOYMENT_TARGET = 10.3;
				MTL_ENABLE_DEBUG_INFO = NO;
				SDKROOT = iphoneos;
				SWIFT_OPTIMIZATION_LEVEL = "-Owholemodule";
				TARGETED_DEVICE_FAMILY = "1,2";
				VALIDATE_PRODUCT = YES;
			};
			name = Release;
		};
		3E548D3B1EE21D53005132C6 /* Debug */ = {
			isa = XCBuildConfiguration;
			baseConfigurationReference = 22AFEA25E99B94638B83A140 /* Pods-Robonect.debug.xcconfig */;
			buildSettings = {
				ASSETCATALOG_COMPILER_APPICON_NAME = AppIcon;
				DEVELOPMENT_TEAM = RZ6J6Q7T5S;
				FRAMEWORK_SEARCH_PATHS = (
					"$(inherited)",
					"$(PROJECT_DIR)/Carthage/Build/iOS",
				);
				INFOPLIST_FILE = Robonect/Info.plist;
				LD_RUNPATH_SEARCH_PATHS = "$(inherited) @executable_path/Frameworks";
				PRODUCT_BUNDLE_IDENTIFIER = de.yanniks.Robonect;
				PRODUCT_NAME = "$(TARGET_NAME)";
				SWIFT_VERSION = 3.0;
			};
			name = Debug;
		};
		3E548D3C1EE21D53005132C6 /* Release */ = {
			isa = XCBuildConfiguration;
			baseConfigurationReference = 4CAEAFD45D681B96E3605343 /* Pods-Robonect.release.xcconfig */;
			buildSettings = {
				ASSETCATALOG_COMPILER_APPICON_NAME = AppIcon;
				DEVELOPMENT_TEAM = RZ6J6Q7T5S;
				FRAMEWORK_SEARCH_PATHS = (
					"$(inherited)",
					"$(PROJECT_DIR)/Carthage/Build/iOS",
				);
				INFOPLIST_FILE = Robonect/Info.plist;
				LD_RUNPATH_SEARCH_PATHS = "$(inherited) @executable_path/Frameworks";
				PRODUCT_BUNDLE_IDENTIFIER = de.yanniks.Robonect;
				PRODUCT_NAME = "$(TARGET_NAME)";
				SWIFT_VERSION = 3.0;
			};
			name = Release;
		};
		3E990C2A1EE72BC300D6EE7C /* Debug */ = {
			isa = XCBuildConfiguration;
			buildSettings = {
				DEVELOPMENT_TEAM = RZ6J6Q7T5S;
				INFOPLIST_FILE = RobonectUITests/Info.plist;
				LD_RUNPATH_SEARCH_PATHS = "$(inherited) @executable_path/Frameworks @loader_path/Frameworks";
				PRODUCT_BUNDLE_IDENTIFIER = de.yanniks.RobonectUITests;
				PRODUCT_NAME = "$(TARGET_NAME)";
				SWIFT_VERSION = 3.0;
				TEST_TARGET_NAME = Robonect;
			};
			name = Debug;
		};
		3E990C2B1EE72BC300D6EE7C /* Release */ = {
			isa = XCBuildConfiguration;
			buildSettings = {
				DEVELOPMENT_TEAM = RZ6J6Q7T5S;
				INFOPLIST_FILE = RobonectUITests/Info.plist;
				LD_RUNPATH_SEARCH_PATHS = "$(inherited) @executable_path/Frameworks @loader_path/Frameworks";
				PRODUCT_BUNDLE_IDENTIFIER = de.yanniks.RobonectUITests;
				PRODUCT_NAME = "$(TARGET_NAME)";
				SWIFT_VERSION = 3.0;
				TEST_TARGET_NAME = Robonect;
			};
			name = Release;
		};
/* End XCBuildConfiguration section */

/* Begin XCConfigurationList section */
		3E548D211EE21D53005132C6 /* Build configuration list for PBXProject "Robonect" */ = {
			isa = XCConfigurationList;
			buildConfigurations = (
				3E548D381EE21D53005132C6 /* Debug */,
				3E548D391EE21D53005132C6 /* Release */,
			);
			defaultConfigurationIsVisible = 0;
			defaultConfigurationName = Release;
		};
		3E548D3A1EE21D53005132C6 /* Build configuration list for PBXNativeTarget "Robonect" */ = {
			isa = XCConfigurationList;
			buildConfigurations = (
				3E548D3B1EE21D53005132C6 /* Debug */,
				3E548D3C1EE21D53005132C6 /* Release */,
			);
			defaultConfigurationIsVisible = 0;
			defaultConfigurationName = Release;
		};
		3E990C291EE72BC300D6EE7C /* Build configuration list for PBXNativeTarget "RobonectUITests" */ = {
			isa = XCConfigurationList;
			buildConfigurations = (
				3E990C2A1EE72BC300D6EE7C /* Debug */,
				3E990C2B1EE72BC300D6EE7C /* Release */,
			);
			defaultConfigurationIsVisible = 0;
			defaultConfigurationName = Release;
		};
/* End XCConfigurationList section */
	};
	rootObject = 3E548D1E1EE21D53005132C6 /* Project object */;
}
